// !$*UTF8*$!
{
	archiveVersion = 1;
	classes = {
	};
	objectVersion = 50;
	objects = {

/* Begin PBXBuildFile section */
		B5B0DF5A57A8CB17D3E7B6CB /* Pods_DrugDrone.framework in Frameworks */ = {isa = PBXBuildFile; fileRef = 548E718524513CFACF72DEF6 /* Pods_DrugDrone.framework */; };
		E038C4E4214CF71000F291CE /* AppDelegate.swift in Sources */ = {isa = PBXBuildFile; fileRef = E038C4E3214CF71000F291CE /* AppDelegate.swift */; };
		E038C4E8214CF71000F291CE /* ProfileViewController.swift in Sources */ = {isa = PBXBuildFile; fileRef = E038C4E7214CF71000F291CE /* ProfileViewController.swift */; };
		E038C4EB214CF71000F291CE /* Main.storyboard in Resources */ = {isa = PBXBuildFile; fileRef = E038C4E9214CF71000F291CE /* Main.storyboard */; };
		E038C4ED214CF71100F291CE /* Assets.xcassets in Resources */ = {isa = PBXBuildFile; fileRef = E038C4EC214CF71100F291CE /* Assets.xcassets */; };
		E038C4F0214CF71100F291CE /* LaunchScreen.storyboard in Resources */ = {isa = PBXBuildFile; fileRef = E038C4EE214CF71100F291CE /* LaunchScreen.storyboard */; };
		E038C4FB214D09E800F291CE /* GoogleService-Info.plist in Resources */ = {isa = PBXBuildFile; fileRef = E038C4FA214D09E800F291CE /* GoogleService-Info.plist */; };
		E038C4FD214D0D8100F291CE /* DrugsTableViewController.swift in Sources */ = {isa = PBXBuildFile; fileRef = E038C4FC214D0D8100F291CE /* DrugsTableViewController.swift */; };
		E038C500214D0F7900F291CE /* DrugsTableViewModel.swift in Sources */ = {isa = PBXBuildFile; fileRef = E038C4FF214D0F7900F291CE /* DrugsTableViewModel.swift */; };
		E038C503214D0FB500F291CE /* Drug.swift in Sources */ = {isa = PBXBuildFile; fileRef = E038C502214D0FB500F291CE /* Drug.swift */; };
		E038C506214D112400F291CE /* DrugTableViewCell.swift in Sources */ = {isa = PBXBuildFile; fileRef = E038C505214D112400F291CE /* DrugTableViewCell.swift */; };
		E038C50A214D120C00F291CE /* Style.swift in Sources */ = {isa = PBXBuildFile; fileRef = E038C509214D120C00F291CE /* Style.swift */; };
		E038C50C214D124200F291CE /* Stylesheet.swift in Sources */ = {isa = PBXBuildFile; fileRef = E038C50B214D124200F291CE /* Stylesheet.swift */; };
		E038C50F214D1FAA00F291CE /* Router.swift in Sources */ = {isa = PBXBuildFile; fileRef = E038C50E214D1FAA00F291CE /* Router.swift */; };
		E038C511214D21D900F291CE /* Client.swift in Sources */ = {isa = PBXBuildFile; fileRef = E038C510214D21D900F291CE /* Client.swift */; };
		E038C513214D22D300F291CE /* CareProvider.swift in Sources */ = {isa = PBXBuildFile; fileRef = E038C512214D22D300F291CE /* CareProvider.swift */; };
		E038C515214D232200F291CE /* AxaResponseWrapper.swift in Sources */ = {isa = PBXBuildFile; fileRef = E038C514214D232200F291CE /* AxaResponseWrapper.swift */; };
		E038C519214D3C2100F291CE /* DataStore.swift in Sources */ = {isa = PBXBuildFile; fileRef = E038C518214D3C2100F291CE /* DataStore.swift */; };
		E038C51B214D3CD300F291CE /* Constants.swift in Sources */ = {isa = PBXBuildFile; fileRef = E038C51A214D3CD300F291CE /* Constants.swift */; };
		E038C51D214D484F00F291CE /* Location.swift in Sources */ = {isa = PBXBuildFile; fileRef = E038C51C214D484F00F291CE /* Location.swift */; };
		E038C51F214D48B800F291CE /* GeoCode.swift in Sources */ = {isa = PBXBuildFile; fileRef = E038C51E214D48B800F291CE /* GeoCode.swift */; };
		E038C521214D4CD200F291CE /* OrderDTO.swift in Sources */ = {isa = PBXBuildFile; fileRef = E038C520214D4CD200F291CE /* OrderDTO.swift */; };
		E08C3027214D8AE10042E806 /* DroneAnnotation.swift in Sources */ = {isa = PBXBuildFile; fileRef = E08C3026214D8AE10042E806 /* DroneAnnotation.swift */; };
		E08C3029214D8CDD0042E806 /* OriginAnnotation.swift in Sources */ = {isa = PBXBuildFile; fileRef = E08C3028214D8CDD0042E806 /* OriginAnnotation.swift */; };
		E08C302B214D8CEB0042E806 /* DestinationAnnotation.swift in Sources */ = {isa = PBXBuildFile; fileRef = E08C302A214D8CEB0042E806 /* DestinationAnnotation.swift */; };
		E08C302D214E2A240042E806 /* AirTrafficResponse.swift in Sources */ = {isa = PBXBuildFile; fileRef = E08C302C214E2A240042E806 /* AirTrafficResponse.swift */; };
		E08C302F214E2A3A0042E806 /* AirTraffic.swift in Sources */ = {isa = PBXBuildFile; fileRef = E08C302E214E2A3A0042E806 /* AirTraffic.swift */; };
		E0CAC3FF214D62810030200A /* UIViewControllerExtension.swift in Sources */ = {isa = PBXBuildFile; fileRef = E0CAC3FE214D62810030200A /* UIViewControllerExtension.swift */; };
		E0CAC401214D68360030200A /* DrugDeliveryViewController.swift in Sources */ = {isa = PBXBuildFile; fileRef = E0CAC400214D68360030200A /* DrugDeliveryViewController.swift */; };
		E0CAC403214D74030030200A /* Firebase+ReactiveKit.swift in Sources */ = {isa = PBXBuildFile; fileRef = E0CAC402214D74030030200A /* Firebase+ReactiveKit.swift */; };
		E0CAC405214D78980030200A /* DrugDeliveryViewModel.swift in Sources */ = {isa = PBXBuildFile; fileRef = E0CAC404214D78980030200A /* DrugDeliveryViewModel.swift */; };
		E0CAC407214D7C1D0030200A /* Drone.swift in Sources */ = {isa = PBXBuildFile; fileRef = E0CAC406214D7C1D0030200A /* Drone.swift */; };
		E0CAC409214D7CFA0030200A /* GeoLocation.swift in Sources */ = {isa = PBXBuildFile; fileRef = E0CAC408214D7CFA0030200A /* GeoLocation.swift */; };
/* End PBXBuildFile section */

/* Begin PBXFileReference section */
		4DF04324984924EC15D98F58 /* Pods-DrugDrone.debug.xcconfig */ = {isa = PBXFileReference; includeInIndex = 1; lastKnownFileType = text.xcconfig; name = "Pods-DrugDrone.debug.xcconfig"; path = "Pods/Target Support Files/Pods-DrugDrone/Pods-DrugDrone.debug.xcconfig"; sourceTree = "<group>"; };
		548E718524513CFACF72DEF6 /* Pods_DrugDrone.framework */ = {isa = PBXFileReference; explicitFileType = wrapper.framework; includeInIndex = 0; path = Pods_DrugDrone.framework; sourceTree = BUILT_PRODUCTS_DIR; };
		594558479966A6982F319D1C /* Pods-DrugDrone.release.xcconfig */ = {isa = PBXFileReference; includeInIndex = 1; lastKnownFileType = text.xcconfig; name = "Pods-DrugDrone.release.xcconfig"; path = "Pods/Target Support Files/Pods-DrugDrone/Pods-DrugDrone.release.xcconfig"; sourceTree = "<group>"; };
		E038C4E0214CF71000F291CE /* DrugDrone.app */ = {isa = PBXFileReference; explicitFileType = wrapper.application; includeInIndex = 0; path = DrugDrone.app; sourceTree = BUILT_PRODUCTS_DIR; };
		E038C4E3214CF71000F291CE /* AppDelegate.swift */ = {isa = PBXFileReference; lastKnownFileType = sourcecode.swift; path = AppDelegate.swift; sourceTree = "<group>"; };
		E038C4E7214CF71000F291CE /* ProfileViewController.swift */ = {isa = PBXFileReference; lastKnownFileType = sourcecode.swift; path = ProfileViewController.swift; sourceTree = "<group>"; };
		E038C4EA214CF71000F291CE /* Base */ = {isa = PBXFileReference; lastKnownFileType = file.storyboard; name = Base; path = Base.lproj/Main.storyboard; sourceTree = "<group>"; };
		E038C4EC214CF71100F291CE /* Assets.xcassets */ = {isa = PBXFileReference; lastKnownFileType = folder.assetcatalog; path = Assets.xcassets; sourceTree = "<group>"; };
		E038C4EF214CF71100F291CE /* Base */ = {isa = PBXFileReference; lastKnownFileType = file.storyboard; name = Base; path = Base.lproj/LaunchScreen.storyboard; sourceTree = "<group>"; };
		E038C4F1214CF71200F291CE /* Info.plist */ = {isa = PBXFileReference; lastKnownFileType = text.plist.xml; path = Info.plist; sourceTree = "<group>"; };
		E038C4FA214D09E800F291CE /* GoogleService-Info.plist */ = {isa = PBXFileReference; fileEncoding = 4; lastKnownFileType = text.plist.xml; path = "GoogleService-Info.plist"; sourceTree = "<group>"; };
		E038C4FC214D0D8100F291CE /* DrugsTableViewController.swift */ = {isa = PBXFileReference; lastKnownFileType = sourcecode.swift; path = DrugsTableViewController.swift; sourceTree = "<group>"; };
		E038C4FF214D0F7900F291CE /* DrugsTableViewModel.swift */ = {isa = PBXFileReference; lastKnownFileType = sourcecode.swift; path = DrugsTableViewModel.swift; sourceTree = "<group>"; };
		E038C502214D0FB500F291CE /* Drug.swift */ = {isa = PBXFileReference; lastKnownFileType = sourcecode.swift; path = Drug.swift; sourceTree = "<group>"; };
		E038C505214D112400F291CE /* DrugTableViewCell.swift */ = {isa = PBXFileReference; lastKnownFileType = sourcecode.swift; path = DrugTableViewCell.swift; sourceTree = "<group>"; };
		E038C509214D120C00F291CE /* Style.swift */ = {isa = PBXFileReference; lastKnownFileType = sourcecode.swift; path = Style.swift; sourceTree = "<group>"; };
		E038C50B214D124200F291CE /* Stylesheet.swift */ = {isa = PBXFileReference; lastKnownFileType = sourcecode.swift; path = Stylesheet.swift; sourceTree = "<group>"; };
		E038C50E214D1FAA00F291CE /* Router.swift */ = {isa = PBXFileReference; lastKnownFileType = sourcecode.swift; path = Router.swift; sourceTree = "<group>"; };
		E038C510214D21D900F291CE /* Client.swift */ = {isa = PBXFileReference; lastKnownFileType = sourcecode.swift; path = Client.swift; sourceTree = "<group>"; };
		E038C512214D22D300F291CE /* CareProvider.swift */ = {isa = PBXFileReference; lastKnownFileType = sourcecode.swift; path = CareProvider.swift; sourceTree = "<group>"; };
		E038C514214D232200F291CE /* AxaResponseWrapper.swift */ = {isa = PBXFileReference; lastKnownFileType = sourcecode.swift; path = AxaResponseWrapper.swift; sourceTree = "<group>"; };
		E038C518214D3C2100F291CE /* DataStore.swift */ = {isa = PBXFileReference; lastKnownFileType = sourcecode.swift; path = DataStore.swift; sourceTree = "<group>"; };
		E038C51A214D3CD300F291CE /* Constants.swift */ = {isa = PBXFileReference; lastKnownFileType = sourcecode.swift; path = Constants.swift; sourceTree = "<group>"; };
		E038C51C214D484F00F291CE /* Location.swift */ = {isa = PBXFileReference; lastKnownFileType = sourcecode.swift; path = Location.swift; sourceTree = "<group>"; };
		E038C51E214D48B800F291CE /* GeoCode.swift */ = {isa = PBXFileReference; lastKnownFileType = sourcecode.swift; path = GeoCode.swift; sourceTree = "<group>"; };
		E038C520214D4CD200F291CE /* OrderDTO.swift */ = {isa = PBXFileReference; lastKnownFileType = sourcecode.swift; path = OrderDTO.swift; sourceTree = "<group>"; };
		E08C3026214D8AE10042E806 /* DroneAnnotation.swift */ = {isa = PBXFileReference; lastKnownFileType = sourcecode.swift; path = DroneAnnotation.swift; sourceTree = "<group>"; };
		E08C3028214D8CDD0042E806 /* OriginAnnotation.swift */ = {isa = PBXFileReference; lastKnownFileType = sourcecode.swift; path = OriginAnnotation.swift; sourceTree = "<group>"; };
		E08C302A214D8CEB0042E806 /* DestinationAnnotation.swift */ = {isa = PBXFileReference; lastKnownFileType = sourcecode.swift; path = DestinationAnnotation.swift; sourceTree = "<group>"; };
		E08C302C214E2A240042E806 /* AirTrafficResponse.swift */ = {isa = PBXFileReference; lastKnownFileType = sourcecode.swift; path = AirTrafficResponse.swift; sourceTree = "<group>"; };
		E08C302E214E2A3A0042E806 /* AirTraffic.swift */ = {isa = PBXFileReference; lastKnownFileType = sourcecode.swift; path = AirTraffic.swift; sourceTree = "<group>"; };
		E0CAC3FC214D60590030200A /* DrugDrone.entitlements */ = {isa = PBXFileReference; lastKnownFileType = text.plist.entitlements; path = DrugDrone.entitlements; sourceTree = "<group>"; };
		E0CAC3FE214D62810030200A /* UIViewControllerExtension.swift */ = {isa = PBXFileReference; lastKnownFileType = sourcecode.swift; path = UIViewControllerExtension.swift; sourceTree = "<group>"; };
		E0CAC400214D68360030200A /* DrugDeliveryViewController.swift */ = {isa = PBXFileReference; lastKnownFileType = sourcecode.swift; path = DrugDeliveryViewController.swift; sourceTree = "<group>"; };
		E0CAC402214D74030030200A /* Firebase+ReactiveKit.swift */ = {isa = PBXFileReference; lastKnownFileType = sourcecode.swift; path = "Firebase+ReactiveKit.swift"; sourceTree = "<group>"; };
		E0CAC404214D78980030200A /* DrugDeliveryViewModel.swift */ = {isa = PBXFileReference; lastKnownFileType = sourcecode.swift; path = DrugDeliveryViewModel.swift; sourceTree = "<group>"; };
		E0CAC406214D7C1D0030200A /* Drone.swift */ = {isa = PBXFileReference; lastKnownFileType = sourcecode.swift; path = Drone.swift; sourceTree = "<group>"; };
		E0CAC408214D7CFA0030200A /* GeoLocation.swift */ = {isa = PBXFileReference; lastKnownFileType = sourcecode.swift; path = GeoLocation.swift; sourceTree = "<group>"; };
/* End PBXFileReference section */

/* Begin PBXFrameworksBuildPhase section */
		E038C4DD214CF71000F291CE /* Frameworks */ = {
			isa = PBXFrameworksBuildPhase;
			buildActionMask = 2147483647;
			files = (
				B5B0DF5A57A8CB17D3E7B6CB /* Pods_DrugDrone.framework in Frameworks */,
			);
			runOnlyForDeploymentPostprocessing = 0;
		};
/* End PBXFrameworksBuildPhase section */

/* Begin PBXGroup section */
		B06E384503121F018DCA3515 /* Frameworks */ = {
			isa = PBXGroup;
			children = (
				548E718524513CFACF72DEF6 /* Pods_DrugDrone.framework */,
			);
			name = Frameworks;
			sourceTree = "<group>";
		};
		E038C4D7214CF71000F291CE = {
			isa = PBXGroup;
			children = (
				E038C4E2214CF71000F291CE /* DrugDrone */,
				E038C4E1214CF71000F291CE /* Products */,
				EBD85DE91FE211B8B53F5A3D /* Pods */,
				B06E384503121F018DCA3515 /* Frameworks */,
			);
			sourceTree = "<group>";
		};
		E038C4E1214CF71000F291CE /* Products */ = {
			isa = PBXGroup;
			children = (
				E038C4E0214CF71000F291CE /* DrugDrone.app */,
			);
			name = Products;
			sourceTree = "<group>";
		};
		E038C4E2214CF71000F291CE /* DrugDrone */ = {
			isa = PBXGroup;
			children = (
				E0CAC3FC214D60590030200A /* DrugDrone.entitlements */,
				E038C4F7214CF77700F291CE /* Classes */,
				E038C4F8214CF78800F291CE /* Resources */,
				E038C4F1214CF71200F291CE /* Info.plist */,
				E038C4FA214D09E800F291CE /* GoogleService-Info.plist */,
			);
			path = DrugDrone;
			sourceTree = "<group>";
		};
		E038C4F7214CF77700F291CE /* Classes */ = {
			isa = PBXGroup;
			children = (
				E038C4E3214CF71000F291CE /* AppDelegate.swift */,
				E038C51A214D3CD300F291CE /* Constants.swift */,
				E0CAC3FD214D626F0030200A /* Extension */,
				E038C50D214D1F1D00F291CE /* Networking */,
				E038C517214D3C0700F291CE /* Persistence */,
				E038C501214D0FAA00F291CE /* Model */,
				E038C4FE214D0F6500F291CE /* ViewModel */,
				E038C504214D10FE00F291CE /* View */,
				E038C4F9214CF79F00F291CE /* Controller */,
			);
			path = Classes;
			sourceTree = "<group>";
		};
		E038C4F8214CF78800F291CE /* Resources */ = {
			isa = PBXGroup;
			children = (
				E038C4E9214CF71000F291CE /* Main.storyboard */,
				E038C4EE214CF71100F291CE /* LaunchScreen.storyboard */,
				E038C4EC214CF71100F291CE /* Assets.xcassets */,
			);
			path = Resources;
			sourceTree = "<group>";
		};
		E038C4F9214CF79F00F291CE /* Controller */ = {
			isa = PBXGroup;
			children = (
				E038C4FC214D0D8100F291CE /* DrugsTableViewController.swift */,
				E0CAC400214D68360030200A /* DrugDeliveryViewController.swift */,
				E038C4E7214CF71000F291CE /* ProfileViewController.swift */,
			);
			path = Controller;
			sourceTree = "<group>";
		};
		E038C4FE214D0F6500F291CE /* ViewModel */ = {
			isa = PBXGroup;
			children = (
				E038C4FF214D0F7900F291CE /* DrugsTableViewModel.swift */,
				E0CAC404214D78980030200A /* DrugDeliveryViewModel.swift */,
			);
			path = ViewModel;
			sourceTree = "<group>";
		};
		E038C501214D0FAA00F291CE /* Model */ = {
			isa = PBXGroup;
			children = (
				E038C516214D232700F291CE /* DTO */,
				E08C302C214E2A240042E806 /* AirTrafficResponse.swift */,
				E08C302E214E2A3A0042E806 /* AirTraffic.swift */,
				E0CAC406214D7C1D0030200A /* Drone.swift */,
				E038C502214D0FB500F291CE /* Drug.swift */,
				E038C512214D22D300F291CE /* CareProvider.swift */,
				E038C51E214D48B800F291CE /* GeoCode.swift */,
				E0CAC408214D7CFA0030200A /* GeoLocation.swift */,
				E038C51C214D484F00F291CE /* Location.swift */,
			);
			path = Model;
			sourceTree = "<group>";
		};
		E038C504214D10FE00F291CE /* View */ = {
			isa = PBXGroup;
			children = (
				E08C3023214D8A1D0042E806 /* Map */,
				E038C508214D120000F291CE /* Style */,
				E038C507214D11F500F291CE /* Cell */,
			);
			path = View;
			sourceTree = "<group>";
		};
		E038C507214D11F500F291CE /* Cell */ = {
			isa = PBXGroup;
			children = (
				E038C505214D112400F291CE /* DrugTableViewCell.swift */,
			);
			path = Cell;
			sourceTree = "<group>";
		};
		E038C508214D120000F291CE /* Style */ = {
			isa = PBXGroup;
			children = (
				E038C509214D120C00F291CE /* Style.swift */,
				E038C50B214D124200F291CE /* Stylesheet.swift */,
			);
			path = Style;
			sourceTree = "<group>";
		};
		E038C50D214D1F1D00F291CE /* Networking */ = {
			isa = PBXGroup;
			children = (
				E038C50E214D1FAA00F291CE /* Router.swift */,
				E038C510214D21D900F291CE /* Client.swift */,
			);
			path = Networking;
			sourceTree = "<group>";
		};
		E038C516214D232700F291CE /* DTO */ = {
			isa = PBXGroup;
			children = (
				E038C514214D232200F291CE /* AxaResponseWrapper.swift */,
				E038C520214D4CD200F291CE /* OrderDTO.swift */,
			);
			path = DTO;
			sourceTree = "<group>";
		};
		E038C517214D3C0700F291CE /* Persistence */ = {
			isa = PBXGroup;
			children = (
				E038C518214D3C2100F291CE /* DataStore.swift */,
			);
			path = Persistence;
			sourceTree = "<group>";
		};
		E08C3023214D8A1D0042E806 /* Map */ = {
			isa = PBXGroup;
			children = (
				E08C3026214D8AE10042E806 /* DroneAnnotation.swift */,
				E08C3028214D8CDD0042E806 /* OriginAnnotation.swift */,
				E08C302A214D8CEB0042E806 /* DestinationAnnotation.swift */,
			);
			path = Map;
			sourceTree = "<group>";
		};
		E0CAC3FD214D626F0030200A /* Extension */ = {
			isa = PBXGroup;
			children = (
				E0CAC3FE214D62810030200A /* UIViewControllerExtension.swift */,
				E0CAC402214D74030030200A /* Firebase+ReactiveKit.swift */,
			);
			path = Extension;
			sourceTree = "<group>";
		};
		EBD85DE91FE211B8B53F5A3D /* Pods */ = {
			isa = PBXGroup;
			children = (
				4DF04324984924EC15D98F58 /* Pods-DrugDrone.debug.xcconfig */,
				594558479966A6982F319D1C /* Pods-DrugDrone.release.xcconfig */,
			);
			name = Pods;
			sourceTree = "<group>";
		};
/* End PBXGroup section */

/* Begin PBXNativeTarget section */
		E038C4DF214CF71000F291CE /* DrugDrone */ = {
			isa = PBXNativeTarget;
			buildConfigurationList = E038C4F4214CF71200F291CE /* Build configuration list for PBXNativeTarget "DrugDrone" */;
			buildPhases = (
				C7B947D6B52D804E31497B95 /* [CP] Check Pods Manifest.lock */,
				E038C4DC214CF71000F291CE /* Sources */,
				E038C4DD214CF71000F291CE /* Frameworks */,
				E038C4DE214CF71000F291CE /* Resources */,
				BEC065A7F020E7D0936A9066 /* [CP] Embed Pods Frameworks */,
			);
			buildRules = (
			);
			dependencies = (
			);
			name = DrugDrone;
			productName = DrugDrone;
			productReference = E038C4E0214CF71000F291CE /* DrugDrone.app */;
			productType = "com.apple.product-type.application";
		};
/* End PBXNativeTarget section */

/* Begin PBXProject section */
		E038C4D8214CF71000F291CE /* Project object */ = {
			isa = PBXProject;
			attributes = {
				LastSwiftUpdateCheck = 0940;
				LastUpgradeCheck = 0940;
				ORGANIZATIONNAME = "Michal Švácha";
				TargetAttributes = {
					E038C4DF214CF71000F291CE = {
						CreatedOnToolsVersion = 9.4.1;
						SystemCapabilities = {
							com.apple.BackgroundModes = {
								enabled = 1;
							};
							com.apple.Push = {
								enabled = 1;
							};
						};
					};
				};
			};
			buildConfigurationList = E038C4DB214CF71000F291CE /* Build configuration list for PBXProject "DrugDrone" */;
			compatibilityVersion = "Xcode 9.3";
			developmentRegion = en;
			hasScannedForEncodings = 0;
			knownRegions = (
				en,
				Base,
			);
			mainGroup = E038C4D7214CF71000F291CE;
			productRefGroup = E038C4E1214CF71000F291CE /* Products */;
			projectDirPath = "";
			projectRoot = "";
			targets = (
				E038C4DF214CF71000F291CE /* DrugDrone */,
			);
		};
/* End PBXProject section */

/* Begin PBXResourcesBuildPhase section */
		E038C4DE214CF71000F291CE /* Resources */ = {
			isa = PBXResourcesBuildPhase;
			buildActionMask = 2147483647;
			files = (
				E038C4F0214CF71100F291CE /* LaunchScreen.storyboard in Resources */,
				E038C4FB214D09E800F291CE /* GoogleService-Info.plist in Resources */,
				E038C4ED214CF71100F291CE /* Assets.xcassets in Resources */,
				E038C4EB214CF71000F291CE /* Main.storyboard in Resources */,
			);
			runOnlyForDeploymentPostprocessing = 0;
		};
/* End PBXResourcesBuildPhase section */

/* Begin PBXShellScriptBuildPhase section */
		BEC065A7F020E7D0936A9066 /* [CP] Embed Pods Frameworks */ = {
			isa = PBXShellScriptBuildPhase;
			buildActionMask = 2147483647;
			files = (
			);
			inputFileListPaths = (
			);
			inputPaths = (
				"${SRCROOT}/Pods/Target Support Files/Pods-DrugDrone/Pods-DrugDrone-frameworks.sh",
				"${BUILT_PRODUCTS_DIR}/Alamofire/Alamofire.framework",
				"${BUILT_PRODUCTS_DIR}/AlamofireObjectMapper/AlamofireObjectMapper.framework",
				"${BUILT_PRODUCTS_DIR}/Bond/Bond.framework",
				"${BUILT_PRODUCTS_DIR}/Differ/Differ.framework",
				"${BUILT_PRODUCTS_DIR}/GTMSessionFetcher/GTMSessionFetcher.framework",
				"${BUILT_PRODUCTS_DIR}/GoogleUtilities/GoogleUtilities.framework",
				"${BUILT_PRODUCTS_DIR}/MBProgressHUD/MBProgressHUD.framework",
				"${BUILT_PRODUCTS_DIR}/Material/Material.framework",
				"${BUILT_PRODUCTS_DIR}/Motion/Motion.framework",
				"${BUILT_PRODUCTS_DIR}/ObjectMapper/ObjectMapper.framework",
				"${BUILT_PRODUCTS_DIR}/Protobuf/Protobuf.framework",
				"${BUILT_PRODUCTS_DIR}/ReactiveKit/ReactiveKit.framework",
				"${BUILT_PRODUCTS_DIR}/leveldb-library/leveldb.framework",
				"${BUILT_PRODUCTS_DIR}/nanopb/nanopb.framework",
			);
			name = "[CP] Embed Pods Frameworks";
			outputFileListPaths = (
			);
			outputPaths = (
				"${TARGET_BUILD_DIR}/${FRAMEWORKS_FOLDER_PATH}/Alamofire.framework",
				"${TARGET_BUILD_DIR}/${FRAMEWORKS_FOLDER_PATH}/AlamofireObjectMapper.framework",
				"${TARGET_BUILD_DIR}/${FRAMEWORKS_FOLDER_PATH}/Bond.framework",
				"${TARGET_BUILD_DIR}/${FRAMEWORKS_FOLDER_PATH}/Differ.framework",
				"${TARGET_BUILD_DIR}/${FRAMEWORKS_FOLDER_PATH}/GTMSessionFetcher.framework",
				"${TARGET_BUILD_DIR}/${FRAMEWORKS_FOLDER_PATH}/GoogleUtilities.framework",
				"${TARGET_BUILD_DIR}/${FRAMEWORKS_FOLDER_PATH}/MBProgressHUD.framework",
				"${TARGET_BUILD_DIR}/${FRAMEWORKS_FOLDER_PATH}/Material.framework",
				"${TARGET_BUILD_DIR}/${FRAMEWORKS_FOLDER_PATH}/Motion.framework",
				"${TARGET_BUILD_DIR}/${FRAMEWORKS_FOLDER_PATH}/ObjectMapper.framework",
				"${TARGET_BUILD_DIR}/${FRAMEWORKS_FOLDER_PATH}/Protobuf.framework",
				"${TARGET_BUILD_DIR}/${FRAMEWORKS_FOLDER_PATH}/ReactiveKit.framework",
				"${TARGET_BUILD_DIR}/${FRAMEWORKS_FOLDER_PATH}/leveldb.framework",
				"${TARGET_BUILD_DIR}/${FRAMEWORKS_FOLDER_PATH}/nanopb.framework",
			);
			runOnlyForDeploymentPostprocessing = 0;
			shellPath = /bin/sh;
			shellScript = "\"${SRCROOT}/Pods/Target Support Files/Pods-DrugDrone/Pods-DrugDrone-frameworks.sh\"\n";
			showEnvVarsInLog = 0;
		};
		C7B947D6B52D804E31497B95 /* [CP] Check Pods Manifest.lock */ = {
			isa = PBXShellScriptBuildPhase;
			buildActionMask = 2147483647;
			files = (
			);
			inputFileListPaths = (
			);
			inputPaths = (
				"${PODS_PODFILE_DIR_PATH}/Podfile.lock",
				"${PODS_ROOT}/Manifest.lock",
			);
			name = "[CP] Check Pods Manifest.lock";
			outputFileListPaths = (
			);
			outputPaths = (
				"$(DERIVED_FILE_DIR)/Pods-DrugDrone-checkManifestLockResult.txt",
			);
			runOnlyForDeploymentPostprocessing = 0;
			shellPath = /bin/sh;
			shellScript = "diff \"${PODS_PODFILE_DIR_PATH}/Podfile.lock\" \"${PODS_ROOT}/Manifest.lock\" > /dev/null\nif [ $? != 0 ] ; then\n    # print error to STDERR\n    echo \"error: The sandbox is not in sync with the Podfile.lock. Run 'pod install' or update your CocoaPods installation.\" >&2\n    exit 1\nfi\n# This output is used by Xcode 'outputs' to avoid re-running this script phase.\necho \"SUCCESS\" > \"${SCRIPT_OUTPUT_FILE_0}\"\n";
			showEnvVarsInLog = 0;
		};
/* End PBXShellScriptBuildPhase section */

/* Begin PBXSourcesBuildPhase section */
		E038C4DC214CF71000F291CE /* Sources */ = {
			isa = PBXSourcesBuildPhase;
			buildActionMask = 2147483647;
			files = (
				E038C519214D3C2100F291CE /* DataStore.swift in Sources */,
				E038C4E8214CF71000F291CE /* ProfileViewController.swift in Sources */,
				E0CAC3FF214D62810030200A /* UIViewControllerExtension.swift in Sources */,
				E038C515214D232200F291CE /* AxaResponseWrapper.swift in Sources */,
				E038C4FD214D0D8100F291CE /* DrugsTableViewController.swift in Sources */,
				E0CAC401214D68360030200A /* DrugDeliveryViewController.swift in Sources */,
				E038C4E4214CF71000F291CE /* AppDelegate.swift in Sources */,
				E038C500214D0F7900F291CE /* DrugsTableViewModel.swift in Sources */,
				E08C3029214D8CDD0042E806 /* OriginAnnotation.swift in Sources */,
				E0CAC407214D7C1D0030200A /* Drone.swift in Sources */,
				E038C50F214D1FAA00F291CE /* Router.swift in Sources */,
				E0CAC405214D78980030200A /* DrugDeliveryViewModel.swift in Sources */,
				E08C302D214E2A240042E806 /* AirTrafficResponse.swift in Sources */,
				E08C3027214D8AE10042E806 /* DroneAnnotation.swift in Sources */,
				E038C51D214D484F00F291CE /* Location.swift in Sources */,
				E038C506214D112400F291CE /* DrugTableViewCell.swift in Sources */,
				E038C513214D22D300F291CE /* CareProvider.swift in Sources */,
				E038C50C214D124200F291CE /* Stylesheet.swift in Sources */,
				E08C302F214E2A3A0042E806 /* AirTraffic.swift in Sources */,
				E038C50A214D120C00F291CE /* Style.swift in Sources */,
				E0CAC409214D7CFA0030200A /* GeoLocation.swift in Sources */,
				E08C302B214D8CEB0042E806 /* DestinationAnnotation.swift in Sources */,
				E038C51B214D3CD300F291CE /* Constants.swift in Sources */,
				E038C511214D21D900F291CE /* Client.swift in Sources */,
				E0CAC403214D74030030200A /* Firebase+ReactiveKit.swift in Sources */,
				E038C51F214D48B800F291CE /* GeoCode.swift in Sources */,
				E038C521214D4CD200F291CE /* OrderDTO.swift in Sources */,
				E038C503214D0FB500F291CE /* Drug.swift in Sources */,
			);
			runOnlyForDeploymentPostprocessing = 0;
		};
/* End PBXSourcesBuildPhase section */

/* Begin PBXVariantGroup section */
		E038C4E9214CF71000F291CE /* Main.storyboard */ = {
			isa = PBXVariantGroup;
			children = (
				E038C4EA214CF71000F291CE /* Base */,
			);
			name = Main.storyboard;
			sourceTree = "<group>";
		};
		E038C4EE214CF71100F291CE /* LaunchScreen.storyboard */ = {
			isa = PBXVariantGroup;
			children = (
				E038C4EF214CF71100F291CE /* Base */,
			);
			name = LaunchScreen.storyboard;
			sourceTree = "<group>";
		};
/* End PBXVariantGroup section */

/* Begin XCBuildConfiguration section */
		E038C4F2214CF71200F291CE /* Debug */ = {
			isa = XCBuildConfiguration;
			buildSettings = {
				ALWAYS_SEARCH_USER_PATHS = NO;
				CLANG_ANALYZER_NONNULL = YES;
				CLANG_ANALYZER_NUMBER_OBJECT_CONVERSION = YES_AGGRESSIVE;
				CLANG_CXX_LANGUAGE_STANDARD = "gnu++14";
				CLANG_CXX_LIBRARY = "libc++";
				CLANG_ENABLE_MODULES = YES;
				CLANG_ENABLE_OBJC_ARC = YES;
				CLANG_ENABLE_OBJC_WEAK = YES;
				CLANG_WARN_BLOCK_CAPTURE_AUTORELEASING = YES;
				CLANG_WARN_BOOL_CONVERSION = YES;
				CLANG_WARN_COMMA = YES;
				CLANG_WARN_CONSTANT_CONVERSION = YES;
				CLANG_WARN_DEPRECATED_OBJC_IMPLEMENTATIONS = YES;
				CLANG_WARN_DIRECT_OBJC_ISA_USAGE = YES_ERROR;
				CLANG_WARN_DOCUMENTATION_COMMENTS = YES;
				CLANG_WARN_EMPTY_BODY = YES;
				CLANG_WARN_ENUM_CONVERSION = YES;
				CLANG_WARN_INFINITE_RECURSION = YES;
				CLANG_WARN_INT_CONVERSION = YES;
				CLANG_WARN_NON_LITERAL_NULL_CONVERSION = YES;
				CLANG_WARN_OBJC_IMPLICIT_RETAIN_SELF = YES;
				CLANG_WARN_OBJC_LITERAL_CONVERSION = YES;
				CLANG_WARN_OBJC_ROOT_CLASS = YES_ERROR;
				CLANG_WARN_RANGE_LOOP_ANALYSIS = YES;
				CLANG_WARN_STRICT_PROTOTYPES = YES;
				CLANG_WARN_SUSPICIOUS_MOVE = YES;
				CLANG_WARN_UNGUARDED_AVAILABILITY = YES_AGGRESSIVE;
				CLANG_WARN_UNREACHABLE_CODE = YES;
				CLANG_WARN__DUPLICATE_METHOD_MATCH = YES;
				CODE_SIGN_IDENTITY = "iPhone Developer";
				COPY_PHASE_STRIP = NO;
				DEBUG_INFORMATION_FORMAT = dwarf;
				ENABLE_STRICT_OBJC_MSGSEND = YES;
				ENABLE_TESTABILITY = YES;
				GCC_C_LANGUAGE_STANDARD = gnu11;
				GCC_DYNAMIC_NO_PIC = NO;
				GCC_NO_COMMON_BLOCKS = YES;
				GCC_OPTIMIZATION_LEVEL = 0;
				GCC_PREPROCESSOR_DEFINITIONS = (
					"DEBUG=1",
					"$(inherited)",
				);
				GCC_WARN_64_TO_32_BIT_CONVERSION = YES;
				GCC_WARN_ABOUT_RETURN_TYPE = YES_ERROR;
				GCC_WARN_UNDECLARED_SELECTOR = YES;
				GCC_WARN_UNINITIALIZED_AUTOS = YES_AGGRESSIVE;
				GCC_WARN_UNUSED_FUNCTION = YES;
				GCC_WARN_UNUSED_VARIABLE = YES;
				IPHONEOS_DEPLOYMENT_TARGET = 11.4;
				MTL_ENABLE_DEBUG_INFO = YES;
				ONLY_ACTIVE_ARCH = YES;
				SDKROOT = iphoneos;
				SWIFT_ACTIVE_COMPILATION_CONDITIONS = DEBUG;
				SWIFT_OPTIMIZATION_LEVEL = "-Onone";
			};
			name = Debug;
		};
		E038C4F3214CF71200F291CE /* Release */ = {
			isa = XCBuildConfiguration;
			buildSettings = {
				ALWAYS_SEARCH_USER_PATHS = NO;
				CLANG_ANALYZER_NONNULL = YES;
				CLANG_ANALYZER_NUMBER_OBJECT_CONVERSION = YES_AGGRESSIVE;
				CLANG_CXX_LANGUAGE_STANDARD = "gnu++14";
				CLANG_CXX_LIBRARY = "libc++";
				CLANG_ENABLE_MODULES = YES;
				CLANG_ENABLE_OBJC_ARC = YES;
				CLANG_ENABLE_OBJC_WEAK = YES;
				CLANG_WARN_BLOCK_CAPTURE_AUTORELEASING = YES;
				CLANG_WARN_BOOL_CONVERSION = YES;
				CLANG_WARN_COMMA = YES;
				CLANG_WARN_CONSTANT_CONVERSION = YES;
				CLANG_WARN_DEPRECATED_OBJC_IMPLEMENTATIONS = YES;
				CLANG_WARN_DIRECT_OBJC_ISA_USAGE = YES_ERROR;
				CLANG_WARN_DOCUMENTATION_COMMENTS = YES;
				CLANG_WARN_EMPTY_BODY = YES;
				CLANG_WARN_ENUM_CONVERSION = YES;
				CLANG_WARN_INFINITE_RECURSION = YES;
				CLANG_WARN_INT_CONVERSION = YES;
				CLANG_WARN_NON_LITERAL_NULL_CONVERSION = YES;
				CLANG_WARN_OBJC_IMPLICIT_RETAIN_SELF = YES;
				CLANG_WARN_OBJC_LITERAL_CONVERSION = YES;
				CLANG_WARN_OBJC_ROOT_CLASS = YES_ERROR;
				CLANG_WARN_RANGE_LOOP_ANALYSIS = YES;
				CLANG_WARN_STRICT_PROTOTYPES = YES;
				CLANG_WARN_SUSPICIOUS_MOVE = YES;
				CLANG_WARN_UNGUARDED_AVAILABILITY = YES_AGGRESSIVE;
				CLANG_WARN_UNREACHABLE_CODE = YES;
				CLANG_WARN__DUPLICATE_METHOD_MATCH = YES;
				CODE_SIGN_IDENTITY = "iPhone Developer";
				COPY_PHASE_STRIP = NO;
				DEBUG_INFORMATION_FORMAT = "dwarf-with-dsym";
				ENABLE_NS_ASSERTIONS = NO;
				ENABLE_STRICT_OBJC_MSGSEND = YES;
				GCC_C_LANGUAGE_STANDARD = gnu11;
				GCC_NO_COMMON_BLOCKS = YES;
				GCC_WARN_64_TO_32_BIT_CONVERSION = YES;
				GCC_WARN_ABOUT_RETURN_TYPE = YES_ERROR;
				GCC_WARN_UNDECLARED_SELECTOR = YES;
				GCC_WARN_UNINITIALIZED_AUTOS = YES_AGGRESSIVE;
				GCC_WARN_UNUSED_FUNCTION = YES;
				GCC_WARN_UNUSED_VARIABLE = YES;
				IPHONEOS_DEPLOYMENT_TARGET = 11.4;
				MTL_ENABLE_DEBUG_INFO = NO;
				SDKROOT = iphoneos;
				SWIFT_COMPILATION_MODE = wholemodule;
				SWIFT_OPTIMIZATION_LEVEL = "-O";
				VALIDATE_PRODUCT = YES;
			};
			name = Release;
		};
		E038C4F5214CF71200F291CE /* Debug */ = {
			isa = XCBuildConfiguration;
			baseConfigurationReference = 4DF04324984924EC15D98F58 /* Pods-DrugDrone.debug.xcconfig */;
			buildSettings = {
				ASSETCATALOG_COMPILER_APPICON_NAME = AppIcon;
				CODE_SIGN_ENTITLEMENTS = DrugDrone/DrugDrone.entitlements;
				CODE_SIGN_STYLE = Manual;
				DEVELOPMENT_TEAM = 5P5942GPL5;
				INFOPLIST_FILE = DrugDrone/Info.plist;
				LD_RUNPATH_SEARCH_PATHS = (
					"$(inherited)",
					"@executable_path/Frameworks",
				);
				PRODUCT_BUNDLE_IDENTIFIER = ch.hackzurich.ios.DrugDrone;
				PRODUCT_NAME = "$(TARGET_NAME)";
				PROVISIONING_PROFILE = "99ec3217-3706-44f4-ba0a-c3c4c5039d73";
				PROVISIONING_PROFILE_SPECIFIER = "match Development ch.hackzurich.ios.DrugDrone";
				SWIFT_VERSION = 4.0;
				TARGETED_DEVICE_FAMILY = "1,2";
			};
			name = Debug;
		};
		E038C4F6214CF71200F291CE /* Release */ = {
			isa = XCBuildConfiguration;
			baseConfigurationReference = 594558479966A6982F319D1C /* Pods-DrugDrone.release.xcconfig */;
			buildSettings = {
				ASSETCATALOG_COMPILER_APPICON_NAME = AppIcon;
				CODE_SIGN_ENTITLEMENTS = DrugDrone/DrugDrone.entitlements;
				CODE_SIGN_IDENTITY = "iPhone Distribution";
				CODE_SIGN_STYLE = Manual;
				DEVELOPMENT_TEAM = 5P5942GPL5;
				INFOPLIST_FILE = DrugDrone/Info.plist;
				LD_RUNPATH_SEARCH_PATHS = (
					"$(inherited)",
					"@executable_path/Frameworks",
				);
				PRODUCT_BUNDLE_IDENTIFIER = ch.hackzurich.ios.DrugDrone;
				PRODUCT_NAME = "$(TARGET_NAME)";
				PROVISIONING_PROFILE = "8387ab85-e50e-41f1-9e31-2b3b6fad2186";
				PROVISIONING_PROFILE_SPECIFIER = "match AppStore ch.hackzurich.ios.DrugDrone";
				SWIFT_VERSION = 4.0;
				TARGETED_DEVICE_FAMILY = "1,2";
			};
			name = Release;
		};
/* End XCBuildConfiguration section */

/* Begin XCConfigurationList section */
		E038C4DB214CF71000F291CE /* Build configuration list for PBXProject "DrugDrone" */ = {
			isa = XCConfigurationList;
			buildConfigurations = (
				E038C4F2214CF71200F291CE /* Debug */,
				E038C4F3214CF71200F291CE /* Release */,
			);
			defaultConfigurationIsVisible = 0;
			defaultConfigurationName = Release;
		};
		E038C4F4214CF71200F291CE /* Build configuration list for PBXNativeTarget "DrugDrone" */ = {
			isa = XCConfigurationList;
			buildConfigurations = (
				E038C4F5214CF71200F291CE /* Debug */,
				E038C4F6214CF71200F291CE /* Release */,
			);
			defaultConfigurationIsVisible = 0;
			defaultConfigurationName = Release;
		};
/* End XCConfigurationList section */
	};
	rootObject = E038C4D8214CF71000F291CE /* Project object */;
}
